
Microsoft Visual Studio Solution File, Format Version 12.00
# Visual Studio 15
VisualStudioVersion = 15.0.28307.106
MinimumVisualStudioVersion = 10.0.40219.1
Project("{8BC9CEB8-8B4A-11D0-8D11-00A0C91BC942}") = "fact2", "fact2.vcxproj", "{F95F36E9-9B1F-4EB0-9C1E-A649FBF328B8}"
EndProject
Global
	GlobalSection(SolutionConfigurationPlatforms) = preSolution
		Debug|x64 = Debug|x64
		Debug|x86 = Debug|x86
		Release|x64 = Release|x64
		Release|x86 = Release|x86
	EndGlobalSection
	GlobalSection(ProjectConfigurationPlatforms) = postSolution
		{F95F36E9-9B1F-4EB0-9C1E-A649FBF328B8}.Debug|x64.ActiveCfg = Debug|x64
		{F95F36E9-9B1F-4EB0-9C1E-A649FBF328B8}.Debug|x64.Build.0 = Debug|x64
		{F95F36E9-9B1F-4EB0-9C1E-A649FBF328B8}.Debug|x86.ActiveCfg = Debug|Win32
		{F95F36E9-9B1F-4EB0-9C1E-A649FBF328B8}.Debug|x86.Build.0 = Debug|Win32
		{F95F36E9-9B1F-4EB0-9C1E-A649FBF328B8}.Release|x64.ActiveCfg = Release|x64
		{F95F36E9-9B1F-4EB0-9C1E-A649FBF328B8}.Release|x64.Build.0 = Release|x64
		{F95F36E9-9B1F-4EB0-9C1E-A649FBF328B8}.Release|x86.ActiveCfg = Release|Win32
		{F95F36E9-9B1F-4EB0-9C1E-A649FBF328B8}.Release|x86.Build.0 = Release|Win32
	EndGlobalSection
	GlobalSection(SolutionProperties) = preSolution
		HideSolutionNode = FALSE
	EndGlobalSection
	GlobalSection(ExtensibilityGlobals) = postSolution
		SolutionGuid = {D622400D-61C4-4AC7-B57C-7EE3C855DC06}
	EndGlobalSection
EndGlobal
