
Microsoft Visual Studio Solution File, Format Version 12.00
# Visual Studio 15
VisualStudioVersion = 15.0.28307.106
MinimumVisualStudioVersion = 10.0.40219.1
Project("{8BC9CEB8-8B4A-11D0-8D11-00A0C91BC942}") = "ricerca_semplice_vet", "ricerca_semplice_vet.vcxproj", "{6DB3D0E5-EEE6-4601-8210-0CEE765A2C02}"
EndProject
Global
	GlobalSection(SolutionConfigurationPlatforms) = preSolution
		Debug|x64 = Debug|x64
		Debug|x86 = Debug|x86
		Release|x64 = Release|x64
		Release|x86 = Release|x86
	EndGlobalSection
	GlobalSection(ProjectConfigurationPlatforms) = postSolution
		{6DB3D0E5-EEE6-4601-8210-0CEE765A2C02}.Debug|x64.ActiveCfg = Debug|x64
		{6DB3D0E5-EEE6-4601-8210-0CEE765A2C02}.Debug|x64.Build.0 = Debug|x64
		{6DB3D0E5-EEE6-4601-8210-0CEE765A2C02}.Debug|x86.ActiveCfg = Debug|Win32
		{6DB3D0E5-EEE6-4601-8210-0CEE765A2C02}.Debug|x86.Build.0 = Debug|Win32
		{6DB3D0E5-EEE6-4601-8210-0CEE765A2C02}.Release|x64.ActiveCfg = Release|x64
		{6DB3D0E5-EEE6-4601-8210-0CEE765A2C02}.Release|x64.Build.0 = Release|x64
		{6DB3D0E5-EEE6-4601-8210-0CEE765A2C02}.Release|x86.ActiveCfg = Release|Win32
		{6DB3D0E5-EEE6-4601-8210-0CEE765A2C02}.Release|x86.Build.0 = Release|Win32
	EndGlobalSection
	GlobalSection(SolutionProperties) = preSolution
		HideSolutionNode = FALSE
	EndGlobalSection
	GlobalSection(ExtensibilityGlobals) = postSolution
		SolutionGuid = {2C7582C6-E751-45B3-B548-E2A2860A2B4C}
	EndGlobalSection
EndGlobal
